// !$*UTF8*$!
{
	archiveVersion = 1;
	classes = {
	};
	objectVersion = 46;
	objects = {

/* Begin PBXBuildFile section */
		023488601CCCC6320033A513 /* AppDelegate.swift in Sources */ = {isa = PBXBuildFile; fileRef = 0234885F1CCCC6320033A513 /* AppDelegate.swift */; };
		023488621CCCC6320033A513 /* GameScene.sks in Resources */ = {isa = PBXBuildFile; fileRef = 023488611CCCC6320033A513 /* GameScene.sks */; };
		023488641CCCC6320033A513 /* GameScene.swift in Sources */ = {isa = PBXBuildFile; fileRef = 023488631CCCC6320033A513 /* GameScene.swift */; };
		023488661CCCC6320033A513 /* GameViewController.swift in Sources */ = {isa = PBXBuildFile; fileRef = 023488651CCCC6320033A513 /* GameViewController.swift */; };
		023488691CCCC6320033A513 /* Main.storyboard in Resources */ = {isa = PBXBuildFile; fileRef = 023488671CCCC6320033A513 /* Main.storyboard */; };
		0234886B1CCCC6320033A513 /* Assets.xcassets in Resources */ = {isa = PBXBuildFile; fileRef = 0234886A1CCCC6320033A513 /* Assets.xcassets */; };
		0234886E1CCCC6320033A513 /* LaunchScreen.storyboard in Resources */ = {isa = PBXBuildFile; fileRef = 0234886C1CCCC6320033A513 /* LaunchScreen.storyboard */; };
		0234887B1CCCE1490033A513 /* backgroundMusic.mp3 in Resources */ = {isa = PBXBuildFile; fileRef = 023488761CCCE1490033A513 /* backgroundMusic.mp3 */; };
		0234887C1CCCE1490033A513 /* lose.mp3 in Resources */ = {isa = PBXBuildFile; fileRef = 023488771CCCE1490033A513 /* lose.mp3 */; };
		0234887D1CCCE1490033A513 /* mrreow.mp3 in Resources */ = {isa = PBXBuildFile; fileRef = 023488781CCCE1490033A513 /* mrreow.mp3 */; };
		0234887E1CCCE1490033A513 /* pop.mp3 in Resources */ = {isa = PBXBuildFile; fileRef = 023488791CCCE1490033A513 /* pop.mp3 */; };
		0234887F1CCCE1490033A513 /* win.mp3 in Resources */ = {isa = PBXBuildFile; fileRef = 0234887A1CCCE1490033A513 /* win.mp3 */; };
		023488821CCCE7890033A513 /* Cat.sks in Resources */ = {isa = PBXBuildFile; fileRef = 023488811CCCE7890033A513 /* Cat.sks */; };
		023488841CCCF4F10033A513 /* CatCurl.sks in Resources */ = {isa = PBXBuildFile; fileRef = 023488831CCCF4F10033A513 /* CatCurl.sks */; };
		023488861CCCF5D90033A513 /* CatWakeUp.sks in Resources */ = {isa = PBXBuildFile; fileRef = 023488851CCCF5D90033A513 /* CatWakeUp.sks */; };
		027DC5B91D056731001F15DA /* CGFloat+Extensions.swift in Sources */ = {isa = PBXBuildFile; fileRef = 027DC5AD1D056731001F15DA /* CGFloat+Extensions.swift */; };
		027DC5BA1D056731001F15DA /* CGPoint+Extensions.swift in Sources */ = {isa = PBXBuildFile; fileRef = 027DC5AE1D056731001F15DA /* CGPoint+Extensions.swift */; };
		027DC5BB1D056731001F15DA /* CGVector+Extensions.swift in Sources */ = {isa = PBXBuildFile; fileRef = 027DC5AF1D056731001F15DA /* CGVector+Extensions.swift */; };
		027DC5BC1D056731001F15DA /* Int+Extensions.swift in Sources */ = {isa = PBXBuildFile; fileRef = 027DC5B01D056731001F15DA /* Int+Extensions.swift */; };
		027DC5BD1D056731001F15DA /* SKAction+Extensions.swift in Sources */ = {isa = PBXBuildFile; fileRef = 027DC5B11D056731001F15DA /* SKAction+Extensions.swift */; };
		027DC5BE1D056731001F15DA /* SKAction+SpecialEffects.swift in Sources */ = {isa = PBXBuildFile; fileRef = 027DC5B21D056731001F15DA /* SKAction+SpecialEffects.swift */; };
		027DC5BF1D056731001F15DA /* SKColor+Extensions.swift in Sources */ = {isa = PBXBuildFile; fileRef = 027DC5B31D056731001F15DA /* SKColor+Extensions.swift */; };
		027DC5C01D056731001F15DA /* SKNode+Extensions.swift in Sources */ = {isa = PBXBuildFile; fileRef = 027DC5B41D056731001F15DA /* SKNode+Extensions.swift */; };
		027DC5C11D056731001F15DA /* SKTAudio.swift in Sources */ = {isa = PBXBuildFile; fileRef = 027DC5B51D056731001F15DA /* SKTAudio.swift */; };
		027DC5C21D056731001F15DA /* SKTEffects.swift in Sources */ = {isa = PBXBuildFile; fileRef = 027DC5B61D056731001F15DA /* SKTEffects.swift */; };
		027DC5C31D056731001F15DA /* SKTTimingFunctions.swift in Sources */ = {isa = PBXBuildFile; fileRef = 027DC5B71D056731001F15DA /* SKTTimingFunctions.swift */; };
		027DC5C41D056731001F15DA /* Vector3.swift in Sources */ = {isa = PBXBuildFile; fileRef = 027DC5B81D056731001F15DA /* Vector3.swift */; };
		027DC5C61D056FB3001F15DA /* BlockNode.swift in Sources */ = {isa = PBXBuildFile; fileRef = 027DC5C51D056FB3001F15DA /* BlockNode.swift */; };
		027DC5C81D057FA2001F15DA /* MessageNode.swift in Sources */ = {isa = PBXBuildFile; fileRef = 027DC5C71D057FA2001F15DA /* MessageNode.swift */; };
		02818E9D1D051F4800673180 /* BedNode.swift in Sources */ = {isa = PBXBuildFile; fileRef = 02818E9C1D051F4800673180 /* BedNode.swift */; };
		02818E9F1D054CF500673180 /* CatNode.swift in Sources */ = {isa = PBXBuildFile; fileRef = 02818E9E1D054CF500673180 /* CatNode.swift */; };
/* End PBXBuildFile section */

/* Begin PBXFileReference section */
		0234885C1CCCC6320033A513 /* CapNap.app */ = {isa = PBXFileReference; explicitFileType = wrapper.application; includeInIndex = 0; path = CapNap.app; sourceTree = BUILT_PRODUCTS_DIR; };
		0234885F1CCCC6320033A513 /* AppDelegate.swift */ = {isa = PBXFileReference; lastKnownFileType = sourcecode.swift; path = AppDelegate.swift; sourceTree = "<group>"; };
		023488611CCCC6320033A513 /* GameScene.sks */ = {isa = PBXFileReference; lastKnownFileType = file.sks; path = GameScene.sks; sourceTree = "<group>"; };
		023488631CCCC6320033A513 /* GameScene.swift */ = {isa = PBXFileReference; lastKnownFileType = sourcecode.swift; path = GameScene.swift; sourceTree = "<group>"; };
		023488651CCCC6320033A513 /* GameViewController.swift */ = {isa = PBXFileReference; lastKnownFileType = sourcecode.swift; path = GameViewController.swift; sourceTree = "<group>"; };
		023488681CCCC6320033A513 /* Base */ = {isa = PBXFileReference; lastKnownFileType = file.storyboard; name = Base; path = Base.lproj/Main.storyboard; sourceTree = "<group>"; };
		0234886A1CCCC6320033A513 /* Assets.xcassets */ = {isa = PBXFileReference; lastKnownFileType = folder.assetcatalog; path = Assets.xcassets; sourceTree = "<group>"; };
		0234886D1CCCC6320033A513 /* Base */ = {isa = PBXFileReference; lastKnownFileType = file.storyboard; name = Base; path = Base.lproj/LaunchScreen.storyboard; sourceTree = "<group>"; };
		0234886F1CCCC6320033A513 /* Info.plist */ = {isa = PBXFileReference; lastKnownFileType = text.plist.xml; path = Info.plist; sourceTree = "<group>"; };
		023488761CCCE1490033A513 /* backgroundMusic.mp3 */ = {isa = PBXFileReference; lastKnownFileType = audio.mp3; path = backgroundMusic.mp3; sourceTree = "<group>"; };
		023488771CCCE1490033A513 /* lose.mp3 */ = {isa = PBXFileReference; lastKnownFileType = audio.mp3; path = lose.mp3; sourceTree = "<group>"; };
		023488781CCCE1490033A513 /* mrreow.mp3 */ = {isa = PBXFileReference; lastKnownFileType = audio.mp3; path = mrreow.mp3; sourceTree = "<group>"; };
		023488791CCCE1490033A513 /* pop.mp3 */ = {isa = PBXFileReference; lastKnownFileType = audio.mp3; path = pop.mp3; sourceTree = "<group>"; };
		0234887A1CCCE1490033A513 /* win.mp3 */ = {isa = PBXFileReference; lastKnownFileType = audio.mp3; path = win.mp3; sourceTree = "<group>"; };
		023488811CCCE7890033A513 /* Cat.sks */ = {isa = PBXFileReference; lastKnownFileType = file.sks; path = Cat.sks; sourceTree = "<group>"; };
		023488831CCCF4F10033A513 /* CatCurl.sks */ = {isa = PBXFileReference; lastKnownFileType = file.sks; path = CatCurl.sks; sourceTree = "<group>"; };
		023488851CCCF5D90033A513 /* CatWakeUp.sks */ = {isa = PBXFileReference; lastKnownFileType = file.sks; path = CatWakeUp.sks; sourceTree = "<group>"; };
		027DC5AD1D056731001F15DA /* CGFloat+Extensions.swift */ = {isa = PBXFileReference; fileEncoding = 4; lastKnownFileType = sourcecode.swift; path = "CGFloat+Extensions.swift"; sourceTree = "<group>"; };
		027DC5AE1D056731001F15DA /* CGPoint+Extensions.swift */ = {isa = PBXFileReference; fileEncoding = 4; lastKnownFileType = sourcecode.swift; path = "CGPoint+Extensions.swift"; sourceTree = "<group>"; };
		027DC5AF1D056731001F15DA /* CGVector+Extensions.swift */ = {isa = PBXFileReference; fileEncoding = 4; lastKnownFileType = sourcecode.swift; path = "CGVector+Extensions.swift"; sourceTree = "<group>"; };
		027DC5B01D056731001F15DA /* Int+Extensions.swift */ = {isa = PBXFileReference; fileEncoding = 4; lastKnownFileType = sourcecode.swift; path = "Int+Extensions.swift"; sourceTree = "<group>"; };
		027DC5B11D056731001F15DA /* SKAction+Extensions.swift */ = {isa = PBXFileReference; fileEncoding = 4; lastKnownFileType = sourcecode.swift; path = "SKAction+Extensions.swift"; sourceTree = "<group>"; };
		027DC5B21D056731001F15DA /* SKAction+SpecialEffects.swift */ = {isa = PBXFileReference; fileEncoding = 4; lastKnownFileType = sourcecode.swift; path = "SKAction+SpecialEffects.swift"; sourceTree = "<group>"; };
		027DC5B31D056731001F15DA /* SKColor+Extensions.swift */ = {isa = PBXFileReference; fileEncoding = 4; lastKnownFileType = sourcecode.swift; path = "SKColor+Extensions.swift"; sourceTree = "<group>"; };
		027DC5B41D056731001F15DA /* SKNode+Extensions.swift */ = {isa = PBXFileReference; fileEncoding = 4; lastKnownFileType = sourcecode.swift; path = "SKNode+Extensions.swift"; sourceTree = "<group>"; };
		027DC5B51D056731001F15DA /* SKTAudio.swift */ = {isa = PBXFileReference; fileEncoding = 4; lastKnownFileType = sourcecode.swift; path = SKTAudio.swift; sourceTree = "<group>"; };
		027DC5B61D056731001F15DA /* SKTEffects.swift */ = {isa = PBXFileReference; fileEncoding = 4; lastKnownFileType = sourcecode.swift; path = SKTEffects.swift; sourceTree = "<group>"; };
		027DC5B71D056731001F15DA /* SKTTimingFunctions.swift */ = {isa = PBXFileReference; fileEncoding = 4; lastKnownFileType = sourcecode.swift; path = SKTTimingFunctions.swift; sourceTree = "<group>"; };
		027DC5B81D056731001F15DA /* Vector3.swift */ = {isa = PBXFileReference; fileEncoding = 4; lastKnownFileType = sourcecode.swift; path = Vector3.swift; sourceTree = "<group>"; };
		027DC5C51D056FB3001F15DA /* BlockNode.swift */ = {isa = PBXFileReference; fileEncoding = 4; lastKnownFileType = sourcecode.swift; path = BlockNode.swift; sourceTree = "<group>"; };
		027DC5C71D057FA2001F15DA /* MessageNode.swift */ = {isa = PBXFileReference; fileEncoding = 4; lastKnownFileType = sourcecode.swift; path = MessageNode.swift; sourceTree = "<group>"; };
		02818E9C1D051F4800673180 /* BedNode.swift */ = {isa = PBXFileReference; fileEncoding = 4; lastKnownFileType = sourcecode.swift; path = BedNode.swift; sourceTree = "<group>"; };
		02818E9E1D054CF500673180 /* CatNode.swift */ = {isa = PBXFileReference; fileEncoding = 4; lastKnownFileType = sourcecode.swift; path = CatNode.swift; sourceTree = "<group>"; };
/* End PBXFileReference section */

/* Begin PBXFrameworksBuildPhase section */
		023488591CCCC6320033A513 /* Frameworks */ = {
			isa = PBXFrameworksBuildPhase;
			buildActionMask = 2147483647;
			files = (
			);
			runOnlyForDeploymentPostprocessing = 0;
		};
/* End PBXFrameworksBuildPhase section */

/* Begin PBXGroup section */
		023488531CCCC6320033A513 = {
			isa = PBXGroup;
			children = (
				0234885E1CCCC6320033A513 /* CapNap */,
				0234885D1CCCC6320033A513 /* Products */,
			);
			sourceTree = "<group>";
		};
		0234885D1CCCC6320033A513 /* Products */ = {
			isa = PBXGroup;
			children = (
				0234885C1CCCC6320033A513 /* CapNap.app */,
			);
			name = Products;
			sourceTree = "<group>";
		};
		0234885E1CCCC6320033A513 /* CapNap */ = {
			isa = PBXGroup;
			children = (
				027DC5AC1D056731001F15DA /* SKTUtils */,
				023488801CCCE7400033A513 /* Scenes */,
				023488751CCCE1490033A513 /* Sounds */,
				0234885F1CCCC6320033A513 /* AppDelegate.swift */,
				023488631CCCC6320033A513 /* GameScene.swift */,
				023488651CCCC6320033A513 /* GameViewController.swift */,
				02818E9C1D051F4800673180 /* BedNode.swift */,
				02818E9E1D054CF500673180 /* CatNode.swift */,
				027DC5C51D056FB3001F15DA /* BlockNode.swift */,
				027DC5C71D057FA2001F15DA /* MessageNode.swift */,
				023488671CCCC6320033A513 /* Main.storyboard */,
				0234886A1CCCC6320033A513 /* Assets.xcassets */,
				0234886C1CCCC6320033A513 /* LaunchScreen.storyboard */,
				0234886F1CCCC6320033A513 /* Info.plist */,
			);
			path = CapNap;
			sourceTree = "<group>";
		};
		023488751CCCE1490033A513 /* Sounds */ = {
			isa = PBXGroup;
			children = (
				023488761CCCE1490033A513 /* backgroundMusic.mp3 */,
				023488771CCCE1490033A513 /* lose.mp3 */,
				023488781CCCE1490033A513 /* mrreow.mp3 */,
				023488791CCCE1490033A513 /* pop.mp3 */,
				0234887A1CCCE1490033A513 /* win.mp3 */,
			);
			path = Sounds;
			sourceTree = "<group>";
		};
		023488801CCCE7400033A513 /* Scenes */ = {
			isa = PBXGroup;
			children = (
				023488611CCCC6320033A513 /* GameScene.sks */,
				023488811CCCE7890033A513 /* Cat.sks */,
				023488831CCCF4F10033A513 /* CatCurl.sks */,
				023488851CCCF5D90033A513 /* CatWakeUp.sks */,
			);
			name = Scenes;
			sourceTree = "<group>";
		};
		027DC5AC1D056731001F15DA /* SKTUtils */ = {
			isa = PBXGroup;
			children = (
				027DC5AD1D056731001F15DA /* CGFloat+Extensions.swift */,
				027DC5AE1D056731001F15DA /* CGPoint+Extensions.swift */,
				027DC5AF1D056731001F15DA /* CGVector+Extensions.swift */,
				027DC5B01D056731001F15DA /* Int+Extensions.swift */,
				027DC5B11D056731001F15DA /* SKAction+Extensions.swift */,
				027DC5B21D056731001F15DA /* SKAction+SpecialEffects.swift */,
				027DC5B31D056731001F15DA /* SKColor+Extensions.swift */,
				027DC5B41D056731001F15DA /* SKNode+Extensions.swift */,
				027DC5B51D056731001F15DA /* SKTAudio.swift */,
				027DC5B61D056731001F15DA /* SKTEffects.swift */,
				027DC5B71D056731001F15DA /* SKTTimingFunctions.swift */,
				027DC5B81D056731001F15DA /* Vector3.swift */,
			);
			path = SKTUtils;
			sourceTree = "<group>";
		};
/* End PBXGroup section */

/* Begin PBXNativeTarget section */
		0234885B1CCCC6320033A513 /* CapNap */ = {
			isa = PBXNativeTarget;
			buildConfigurationList = 023488721CCCC6320033A513 /* Build configuration list for PBXNativeTarget "CapNap" */;
			buildPhases = (
				023488581CCCC6320033A513 /* Sources */,
				023488591CCCC6320033A513 /* Frameworks */,
				0234885A1CCCC6320033A513 /* Resources */,
			);
			buildRules = (
			);
			dependencies = (
			);
			name = CapNap;
			productName = CapNap;
			productReference = 0234885C1CCCC6320033A513 /* CapNap.app */;
			productType = "com.apple.product-type.application";
		};
/* End PBXNativeTarget section */

/* Begin PBXProject section */
		023488541CCCC6320033A513 /* Project object */ = {
			isa = PBXProject;
			attributes = {
				LastSwiftUpdateCheck = 0730;
				LastUpgradeCheck = 0730;
				ORGANIZATIONNAME = Hanguang;
				TargetAttributes = {
					0234885B1CCCC6320033A513 = {
						CreatedOnToolsVersion = 7.3;
					};
				};
			};
			buildConfigurationList = 023488571CCCC6320033A513 /* Build configuration list for PBXProject "CapNap" */;
			compatibilityVersion = "Xcode 3.2";
			developmentRegion = English;
			hasScannedForEncodings = 0;
			knownRegions = (
				en,
				Base,
			);
			mainGroup = 023488531CCCC6320033A513;
			productRefGroup = 0234885D1CCCC6320033A513 /* Products */;
			projectDirPath = "";
			projectRoot = "";
			targets = (
				0234885B1CCCC6320033A513 /* CapNap */,
			);
		};
/* End PBXProject section */

/* Begin PBXResourcesBuildPhase section */
		0234885A1CCCC6320033A513 /* Resources */ = {
			isa = PBXResourcesBuildPhase;
			buildActionMask = 2147483647;
			files = (
				023488821CCCE7890033A513 /* Cat.sks in Resources */,
				0234887F1CCCE1490033A513 /* win.mp3 in Resources */,
				023488621CCCC6320033A513 /* GameScene.sks in Resources */,
				023488841CCCF4F10033A513 /* CatCurl.sks in Resources */,
				0234886E1CCCC6320033A513 /* LaunchScreen.storyboard in Resources */,
				0234886B1CCCC6320033A513 /* Assets.xcassets in Resources */,
				0234887B1CCCE1490033A513 /* backgroundMusic.mp3 in Resources */,
				0234887E1CCCE1490033A513 /* pop.mp3 in Resources */,
				0234887D1CCCE1490033A513 /* mrreow.mp3 in Resources */,
				023488861CCCF5D90033A513 /* CatWakeUp.sks in Resources */,
				023488691CCCC6320033A513 /* Main.storyboard in Resources */,
				0234887C1CCCE1490033A513 /* lose.mp3 in Resources */,
			);
			runOnlyForDeploymentPostprocessing = 0;
		};
/* End PBXResourcesBuildPhase section */

/* Begin PBXSourcesBuildPhase section */
		023488581CCCC6320033A513 /* Sources */ = {
			isa = PBXSourcesBuildPhase;
			buildActionMask = 2147483647;
			files = (
				027DC5BA1D056731001F15DA /* CGPoint+Extensions.swift in Sources */,
				027DC5C81D057FA2001F15DA /* MessageNode.swift in Sources */,
				027DC5C21D056731001F15DA /* SKTEffects.swift in Sources */,
				027DC5BD1D056731001F15DA /* SKAction+Extensions.swift in Sources */,
				023488641CCCC6320033A513 /* GameScene.swift in Sources */,
				027DC5C01D056731001F15DA /* SKNode+Extensions.swift in Sources */,
				02818E9F1D054CF500673180 /* CatNode.swift in Sources */,
				027DC5C31D056731001F15DA /* SKTTimingFunctions.swift in Sources */,
				027DC5BE1D056731001F15DA /* SKAction+SpecialEffects.swift in Sources */,
				027DC5BC1D056731001F15DA /* Int+Extensions.swift in Sources */,
				027DC5C61D056FB3001F15DA /* BlockNode.swift in Sources */,
				027DC5C41D056731001F15DA /* Vector3.swift in Sources */,
				02818E9D1D051F4800673180 /* BedNode.swift in Sources */,
				027DC5BF1D056731001F15DA /* SKColor+Extensions.swift in Sources */,
				027DC5BB1D056731001F15DA /* CGVector+Extensions.swift in Sources */,
				023488661CCCC6320033A513 /* GameViewController.swift in Sources */,
				027DC5C11D056731001F15DA /* SKTAudio.swift in Sources */,
				027DC5B91D056731001F15DA /* CGFloat+Extensions.swift in Sources */,
				023488601CCCC6320033A513 /* AppDelegate.swift in Sources */,
			);
			runOnlyForDeploymentPostprocessing = 0;
		};
/* End PBXSourcesBuildPhase section */

/* Begin PBXVariantGroup section */
		023488671CCCC6320033A513 /* Main.storyboard */ = {
			isa = PBXVariantGroup;
			children = (
				023488681CCCC6320033A513 /* Base */,
			);
			name = Main.storyboard;
			sourceTree = "<group>";
		};
		0234886C1CCCC6320033A513 /* LaunchScreen.storyboard */ = {
			isa = PBXVariantGroup;
			children = (
				0234886D1CCCC6320033A513 /* Base */,
			);
			name = LaunchScreen.storyboard;
			sourceTree = "<group>";
		};
/* End PBXVariantGroup section */

/* Begin XCBuildConfiguration section */
		023488701CCCC6320033A513 /* Debug */ = {
			isa = XCBuildConfiguration;
			buildSettings = {
				ALWAYS_SEARCH_USER_PATHS = NO;
				CLANG_ANALYZER_NONNULL = YES;
				CLANG_CXX_LANGUAGE_STANDARD = "gnu++0x";
				CLANG_CXX_LIBRARY = "libc++";
				CLANG_ENABLE_MODULES = YES;
				CLANG_ENABLE_OBJC_ARC = YES;
				CLANG_WARN_BOOL_CONVERSION = YES;
				CLANG_WARN_CONSTANT_CONVERSION = YES;
				CLANG_WARN_DIRECT_OBJC_ISA_USAGE = YES_ERROR;
				CLANG_WARN_EMPTY_BODY = YES;
				CLANG_WARN_ENUM_CONVERSION = YES;
				CLANG_WARN_INT_CONVERSION = YES;
				CLANG_WARN_OBJC_ROOT_CLASS = YES_ERROR;
				CLANG_WARN_UNREACHABLE_CODE = YES;
				CLANG_WARN__DUPLICATE_METHOD_MATCH = YES;
				"CODE_SIGN_IDENTITY[sdk=iphoneos*]" = "iPhone Developer";
				COPY_PHASE_STRIP = NO;
				DEBUG_INFORMATION_FORMAT = "dwarf-with-dsym";
				ENABLE_STRICT_OBJC_MSGSEND = YES;
				ENABLE_TESTABILITY = YES;
				GCC_C_LANGUAGE_STANDARD = gnu99;
				GCC_DYNAMIC_NO_PIC = NO;
				GCC_NO_COMMON_BLOCKS = YES;
				GCC_OPTIMIZATION_LEVEL = 0;
				GCC_PREPROCESSOR_DEFINITIONS = (
					"DEBUG=1",
					"$(inherited)",
				);
				GCC_WARN_64_TO_32_BIT_CONVERSION = YES;
				GCC_WARN_ABOUT_RETURN_TYPE = YES_ERROR;
				GCC_WARN_UNDECLARED_SELECTOR = YES;
				GCC_WARN_UNINITIALIZED_AUTOS = YES_AGGRESSIVE;
				GCC_WARN_UNUSED_FUNCTION = YES;
				GCC_WARN_UNUSED_VARIABLE = YES;
				IPHONEOS_DEPLOYMENT_TARGET = 9.3;
				MTL_ENABLE_DEBUG_INFO = YES;
				ONLY_ACTIVE_ARCH = YES;
				SDKROOT = iphoneos;
				SWIFT_OPTIMIZATION_LEVEL = "-Onone";
				TARGETED_DEVICE_FAMILY = "1,2";
			};
			name = Debug;
		};
		023488711CCCC6320033A513 /* Release */ = {
			isa = XCBuildConfiguration;
			buildSettings = {
				ALWAYS_SEARCH_USER_PATHS = NO;
				CLANG_ANALYZER_NONNULL = YES;
				CLANG_CXX_LANGUAGE_STANDARD = "gnu++0x";
				CLANG_CXX_LIBRARY = "libc++";
				CLANG_ENABLE_MODULES = YES;
				CLANG_ENABLE_OBJC_ARC = YES;
				CLANG_WARN_BOOL_CONVERSION = YES;
				CLANG_WARN_CONSTANT_CONVERSION = YES;
				CLANG_WARN_DIRECT_OBJC_ISA_USAGE = YES_ERROR;
				CLANG_WARN_EMPTY_BODY = YES;
				CLANG_WARN_ENUM_CONVERSION = YES;
				CLANG_WARN_INT_CONVERSION = YES;
				CLANG_WARN_OBJC_ROOT_CLASS = YES_ERROR;
				CLANG_WARN_UNREACHABLE_CODE = YES;
				CLANG_WARN__DUPLICATE_METHOD_MATCH = YES;
				"CODE_SIGN_IDENTITY[sdk=iphoneos*]" = "iPhone Developer";
				COPY_PHASE_STRIP = NO;
				DEBUG_INFORMATION_FORMAT = "dwarf-with-dsym";
				ENABLE_NS_ASSERTIONS = NO;
				ENABLE_STRICT_OBJC_MSGSEND = YES;
				GCC_C_LANGUAGE_STANDARD = gnu99;
				GCC_NO_COMMON_BLOCKS = YES;
				GCC_WARN_64_TO_32_BIT_CONVERSION = YES;
				GCC_WARN_ABOUT_RETURN_TYPE = YES_ERROR;
				GCC_WARN_UNDECLARED_SELECTOR = YES;
				GCC_WARN_UNINITIALIZED_AUTOS = YES_AGGRESSIVE;
				GCC_WARN_UNUSED_FUNCTION = YES;
				GCC_WARN_UNUSED_VARIABLE = YES;
				IPHONEOS_DEPLOYMENT_TARGET = 9.3;
				MTL_ENABLE_DEBUG_INFO = NO;
				SDKROOT = iphoneos;
				TARGETED_DEVICE_FAMILY = "1,2";
				VALIDATE_PRODUCT = YES;
			};
			name = Release;
		};
		023488731CCCC6320033A513 /* Debug */ = {
			isa = XCBuildConfiguration;
			buildSettings = {
				ASSETCATALOG_COMPILER_APPICON_NAME = AppIcon;
				CURRENT_PROJECT_VERSION = 3;
				DYLIB_CURRENT_VERSION = 3;
				INFOPLIST_FILE = CapNap/Info.plist;
				LD_RUNPATH_SEARCH_PATHS = "$(inherited) @executable_path/Frameworks";
				PRODUCT_BUNDLE_IDENTIFIER = com.hanguang.app.CapNap;
				PRODUCT_NAME = "$(TARGET_NAME)";
			};
			name = Debug;
		};
		023488741CCCC6320033A513 /* Release */ = {
			isa = XCBuildConfiguration;
			buildSettings = {
				ASSETCATALOG_COMPILER_APPICON_NAME = AppIcon;
				"CODE_SIGN_IDENTITY[sdk=iphoneos*]" = "iPhone Distribution";
				CURRENT_PROJECT_VERSION = 3;
				DYLIB_CURRENT_VERSION = 3;
				INFOPLIST_FILE = CapNap/Info.plist;
				LD_RUNPATH_SEARCH_PATHS = "$(inherited) @executable_path/Frameworks";
				PRODUCT_BUNDLE_IDENTIFIER = com.hanguang.app.CapNap;
				PRODUCT_NAME = "$(TARGET_NAME)";
			};
			name = Release;
		};
/* End XCBuildConfiguration section */

/* Begin XCConfigurationList section */
		023488571CCCC6320033A513 /* Build configuration list for PBXProject "CapNap" */ = {
			isa = XCConfigurationList;
			buildConfigurations = (
				023488701CCCC6320033A513 /* Debug */,
				023488711CCCC6320033A513 /* Release */,
			);
			defaultConfigurationIsVisible = 0;
			defaultConfigurationName = Release;
		};
		023488721CCCC6320033A513 /* Build configuration list for PBXNativeTarget "CapNap" */ = {
			isa = XCConfigurationList;
			buildConfigurations = (
				023488731CCCC6320033A513 /* Debug */,
				023488741CCCC6320033A513 /* Release */,
			);
			defaultConfigurationIsVisible = 0;
			defaultConfigurationName = Release;
		};
/* End XCConfigurationList section */
	};
	rootObject = 023488541CCCC6320033A513 /* Project object */;
}
