// !$*UTF8*$!
{
	archiveVersion = 1;
	classes = {
	};
	objectVersion = 46;
	objects = {

/* Begin PBXBuildFile section */
		023247471CA8D04500F94193 /* MyUtils.swift in Sources */ = {isa = PBXBuildFile; fileRef = 023247461CA8D04500F94193 /* MyUtils.swift */; };
		023A241B1C99A10A00A00053 /* AppDelegate.swift in Sources */ = {isa = PBXBuildFile; fileRef = 023A241A1C99A10A00A00053 /* AppDelegate.swift */; };
		023A241F1C99A10A00A00053 /* GameScene.swift in Sources */ = {isa = PBXBuildFile; fileRef = 023A241E1C99A10A00A00053 /* GameScene.swift */; };
		023A24211C99A10A00A00053 /* GameViewController.swift in Sources */ = {isa = PBXBuildFile; fileRef = 023A24201C99A10A00A00053 /* GameViewController.swift */; };
		023A24241C99A10A00A00053 /* Main.storyboard in Resources */ = {isa = PBXBuildFile; fileRef = 023A24221C99A10A00A00053 /* Main.storyboard */; };
		023A24261C99A10A00A00053 /* Assets.xcassets in Resources */ = {isa = PBXBuildFile; fileRef = 023A24251C99A10A00A00053 /* Assets.xcassets */; };
		023A24291C99A10A00A00053 /* LaunchScreen.storyboard in Resources */ = {isa = PBXBuildFile; fileRef = 023A24271C99A10A00A00053 /* LaunchScreen.storyboard */; };
		0286B6801CAE180800A20D19 /* backgroundMusic.mp3 in Resources */ = {isa = PBXBuildFile; fileRef = 0286B67B1CAE180800A20D19 /* backgroundMusic.mp3 */; };
		0286B6811CAE180800A20D19 /* hitCat.wav in Resources */ = {isa = PBXBuildFile; fileRef = 0286B67C1CAE180800A20D19 /* hitCat.wav */; };
		0286B6821CAE180800A20D19 /* hitCatLady.wav in Resources */ = {isa = PBXBuildFile; fileRef = 0286B67D1CAE180800A20D19 /* hitCatLady.wav */; };
		0286B6831CAE180800A20D19 /* lose.wav in Resources */ = {isa = PBXBuildFile; fileRef = 0286B67E1CAE180800A20D19 /* lose.wav */; };
		0286B6841CAE180800A20D19 /* win.wav in Resources */ = {isa = PBXBuildFile; fileRef = 0286B67F1CAE180800A20D19 /* win.wav */; };
/* End PBXBuildFile section */

/* Begin PBXFileReference section */
		023247461CA8D04500F94193 /* MyUtils.swift */ = {isa = PBXFileReference; fileEncoding = 4; lastKnownFileType = sourcecode.swift; path = MyUtils.swift; sourceTree = "<group>"; };
		023A24171C99A10A00A00053 /* ZombieConga.app */ = {isa = PBXFileReference; explicitFileType = wrapper.application; includeInIndex = 0; path = ZombieConga.app; sourceTree = BUILT_PRODUCTS_DIR; };
		023A241A1C99A10A00A00053 /* AppDelegate.swift */ = {isa = PBXFileReference; lastKnownFileType = sourcecode.swift; path = AppDelegate.swift; sourceTree = "<group>"; };
		023A241E1C99A10A00A00053 /* GameScene.swift */ = {isa = PBXFileReference; lastKnownFileType = sourcecode.swift; path = GameScene.swift; sourceTree = "<group>"; };
		023A24201C99A10A00A00053 /* GameViewController.swift */ = {isa = PBXFileReference; lastKnownFileType = sourcecode.swift; path = GameViewController.swift; sourceTree = "<group>"; };
		023A24231C99A10A00A00053 /* Base */ = {isa = PBXFileReference; lastKnownFileType = file.storyboard; name = Base; path = Base.lproj/Main.storyboard; sourceTree = "<group>"; };
		023A24251C99A10A00A00053 /* Assets.xcassets */ = {isa = PBXFileReference; lastKnownFileType = folder.assetcatalog; path = Assets.xcassets; sourceTree = "<group>"; };
		023A24281C99A10A00A00053 /* Base */ = {isa = PBXFileReference; lastKnownFileType = file.storyboard; name = Base; path = Base.lproj/LaunchScreen.storyboard; sourceTree = "<group>"; };
		023A242A1C99A10A00A00053 /* Info.plist */ = {isa = PBXFileReference; lastKnownFileType = text.plist.xml; path = Info.plist; sourceTree = "<group>"; };
		0286B67B1CAE180800A20D19 /* backgroundMusic.mp3 */ = {isa = PBXFileReference; lastKnownFileType = audio.mp3; path = backgroundMusic.mp3; sourceTree = "<group>"; };
		0286B67C1CAE180800A20D19 /* hitCat.wav */ = {isa = PBXFileReference; lastKnownFileType = audio.wav; path = hitCat.wav; sourceTree = "<group>"; };
		0286B67D1CAE180800A20D19 /* hitCatLady.wav */ = {isa = PBXFileReference; lastKnownFileType = audio.wav; path = hitCatLady.wav; sourceTree = "<group>"; };
		0286B67E1CAE180800A20D19 /* lose.wav */ = {isa = PBXFileReference; lastKnownFileType = audio.wav; path = lose.wav; sourceTree = "<group>"; };
		0286B67F1CAE180800A20D19 /* win.wav */ = {isa = PBXFileReference; lastKnownFileType = audio.wav; path = win.wav; sourceTree = "<group>"; };
/* End PBXFileReference section */

/* Begin PBXFrameworksBuildPhase section */
		023A24141C99A10A00A00053 /* Frameworks */ = {
			isa = PBXFrameworksBuildPhase;
			buildActionMask = 2147483647;
			files = (
			);
			runOnlyForDeploymentPostprocessing = 0;
		};
/* End PBXFrameworksBuildPhase section */

/* Begin PBXGroup section */
		023A240E1C99A10A00A00053 = {
			isa = PBXGroup;
			children = (
				023A24191C99A10A00A00053 /* ZombieConga */,
				023A24181C99A10A00A00053 /* Products */,
			);
			sourceTree = "<group>";
		};
		023A24181C99A10A00A00053 /* Products */ = {
			isa = PBXGroup;
			children = (
				023A24171C99A10A00A00053 /* ZombieConga.app */,
			);
			name = Products;
			sourceTree = "<group>";
		};
		023A24191C99A10A00A00053 /* ZombieConga */ = {
			isa = PBXGroup;
			children = (
				023A241A1C99A10A00A00053 /* AppDelegate.swift */,
				023A241E1C99A10A00A00053 /* GameScene.swift */,
				023A24201C99A10A00A00053 /* GameViewController.swift */,
				023247461CA8D04500F94193 /* MyUtils.swift */,
				023A24221C99A10A00A00053 /* Main.storyboard */,
				023A24251C99A10A00A00053 /* Assets.xcassets */,
				0286B67A1CAE180800A20D19 /* Sounds */,
				023A24271C99A10A00A00053 /* LaunchScreen.storyboard */,
				023A242A1C99A10A00A00053 /* Info.plist */,
			);
			path = ZombieConga;
			sourceTree = "<group>";
		};
		0286B67A1CAE180800A20D19 /* Sounds */ = {
			isa = PBXGroup;
			children = (
				0286B67B1CAE180800A20D19 /* backgroundMusic.mp3 */,
				0286B67C1CAE180800A20D19 /* hitCat.wav */,
				0286B67D1CAE180800A20D19 /* hitCatLady.wav */,
				0286B67E1CAE180800A20D19 /* lose.wav */,
				0286B67F1CAE180800A20D19 /* win.wav */,
			);
			path = Sounds;
			sourceTree = "<group>";
		};
/* End PBXGroup section */

/* Begin PBXNativeTarget section */
		023A24161C99A10A00A00053 /* ZombieConga */ = {
			isa = PBXNativeTarget;
			buildConfigurationList = 023A242D1C99A10A00A00053 /* Build configuration list for PBXNativeTarget "ZombieConga" */;
			buildPhases = (
				023A24131C99A10A00A00053 /* Sources */,
				023A24141C99A10A00A00053 /* Frameworks */,
				023A24151C99A10A00A00053 /* Resources */,
			);
			buildRules = (
			);
			dependencies = (
			);
			name = ZombieConga;
			productName = ZombieConga;
			productReference = 023A24171C99A10A00A00053 /* ZombieConga.app */;
			productType = "com.apple.product-type.application";
		};
/* End PBXNativeTarget section */

/* Begin PBXProject section */
		023A240F1C99A10A00A00053 /* Project object */ = {
			isa = PBXProject;
			attributes = {
				LastSwiftUpdateCheck = 0720;
				LastUpgradeCheck = 0720;
				ORGANIZATIONNAME = Hanguang;
				TargetAttributes = {
					023A24161C99A10A00A00053 = {
						CreatedOnToolsVersion = 7.2.1;
						DevelopmentTeam = 2L4985KKX7;
						SystemCapabilities = {
							com.apple.Push = {
								enabled = 1;
							};
						};
					};
				};
			};
			buildConfigurationList = 023A24121C99A10A00A00053 /* Build configuration list for PBXProject "ZombieConga" */;
			compatibilityVersion = "Xcode 3.2";
			developmentRegion = English;
			hasScannedForEncodings = 0;
			knownRegions = (
				en,
				Base,
			);
			mainGroup = 023A240E1C99A10A00A00053;
			productRefGroup = 023A24181C99A10A00A00053 /* Products */;
			projectDirPath = "";
			projectRoot = "";
			targets = (
				023A24161C99A10A00A00053 /* ZombieConga */,
			);
		};
/* End PBXProject section */

/* Begin PBXResourcesBuildPhase section */
		023A24151C99A10A00A00053 /* Resources */ = {
			isa = PBXResourcesBuildPhase;
			buildActionMask = 2147483647;
			files = (
				023A24291C99A10A00A00053 /* LaunchScreen.storyboard in Resources */,
				0286B6841CAE180800A20D19 /* win.wav in Resources */,
				0286B6811CAE180800A20D19 /* hitCat.wav in Resources */,
				023A24261C99A10A00A00053 /* Assets.xcassets in Resources */,
				0286B6831CAE180800A20D19 /* lose.wav in Resources */,
				0286B6821CAE180800A20D19 /* hitCatLady.wav in Resources */,
				0286B6801CAE180800A20D19 /* backgroundMusic.mp3 in Resources */,
				023A24241C99A10A00A00053 /* Main.storyboard in Resources */,
			);
			runOnlyForDeploymentPostprocessing = 0;
		};
/* End PBXResourcesBuildPhase section */

/* Begin PBXSourcesBuildPhase section */
		023A24131C99A10A00A00053 /* Sources */ = {
			isa = PBXSourcesBuildPhase;
			buildActionMask = 2147483647;
			files = (
				023A241F1C99A10A00A00053 /* GameScene.swift in Sources */,
				023A24211C99A10A00A00053 /* GameViewController.swift in Sources */,
				023A241B1C99A10A00A00053 /* AppDelegate.swift in Sources */,
				023247471CA8D04500F94193 /* MyUtils.swift in Sources */,
			);
			runOnlyForDeploymentPostprocessing = 0;
		};
/* End PBXSourcesBuildPhase section */

/* Begin PBXVariantGroup section */
		023A24221C99A10A00A00053 /* Main.storyboard */ = {
			isa = PBXVariantGroup;
			children = (
				023A24231C99A10A00A00053 /* Base */,
			);
			name = Main.storyboard;
			sourceTree = "<group>";
		};
		023A24271C99A10A00A00053 /* LaunchScreen.storyboard */ = {
			isa = PBXVariantGroup;
			children = (
				023A24281C99A10A00A00053 /* Base */,
			);
			name = LaunchScreen.storyboard;
			sourceTree = "<group>";
		};
/* End PBXVariantGroup section */

/* Begin XCBuildConfiguration section */
		023A242B1C99A10A00A00053 /* Debug */ = {
			isa = XCBuildConfiguration;
			buildSettings = {
				ALWAYS_SEARCH_USER_PATHS = NO;
				CLANG_CXX_LANGUAGE_STANDARD = "gnu++0x";
				CLANG_CXX_LIBRARY = "libc++";
				CLANG_ENABLE_MODULES = YES;
				CLANG_ENABLE_OBJC_ARC = YES;
				CLANG_WARN_BOOL_CONVERSION = YES;
				CLANG_WARN_CONSTANT_CONVERSION = YES;
				CLANG_WARN_DIRECT_OBJC_ISA_USAGE = YES_ERROR;
				CLANG_WARN_EMPTY_BODY = YES;
				CLANG_WARN_ENUM_CONVERSION = YES;
				CLANG_WARN_INT_CONVERSION = YES;
				CLANG_WARN_OBJC_ROOT_CLASS = YES_ERROR;
				CLANG_WARN_UNREACHABLE_CODE = YES;
				CLANG_WARN__DUPLICATE_METHOD_MATCH = YES;
				"CODE_SIGN_IDENTITY[sdk=iphoneos*]" = "iPhone Developer";
				COPY_PHASE_STRIP = NO;
				DEBUG_INFORMATION_FORMAT = "dwarf-with-dsym";
				ENABLE_STRICT_OBJC_MSGSEND = YES;
				ENABLE_TESTABILITY = YES;
				GCC_C_LANGUAGE_STANDARD = gnu99;
				GCC_DYNAMIC_NO_PIC = NO;
				GCC_NO_COMMON_BLOCKS = YES;
				GCC_OPTIMIZATION_LEVEL = 0;
				GCC_PREPROCESSOR_DEFINITIONS = (
					"DEBUG=1",
					"$(inherited)",
				);
				GCC_WARN_64_TO_32_BIT_CONVERSION = YES;
				GCC_WARN_ABOUT_RETURN_TYPE = YES_ERROR;
				GCC_WARN_UNDECLARED_SELECTOR = YES;
				GCC_WARN_UNINITIALIZED_AUTOS = YES_AGGRESSIVE;
				GCC_WARN_UNUSED_FUNCTION = YES;
				GCC_WARN_UNUSED_VARIABLE = YES;
				IPHONEOS_DEPLOYMENT_TARGET = 9.2;
				MTL_ENABLE_DEBUG_INFO = YES;
				ONLY_ACTIVE_ARCH = YES;
				SDKROOT = iphoneos;
				SWIFT_OPTIMIZATION_LEVEL = "-Onone";
				TARGETED_DEVICE_FAMILY = "1,2";
			};
			name = Debug;
		};
		023A242C1C99A10A00A00053 /* Release */ = {
			isa = XCBuildConfiguration;
			buildSettings = {
				ALWAYS_SEARCH_USER_PATHS = NO;
				CLANG_CXX_LANGUAGE_STANDARD = "gnu++0x";
				CLANG_CXX_LIBRARY = "libc++";
				CLANG_ENABLE_MODULES = YES;
				CLANG_ENABLE_OBJC_ARC = YES;
				CLANG_WARN_BOOL_CONVERSION = YES;
				CLANG_WARN_CONSTANT_CONVERSION = YES;
				CLANG_WARN_DIRECT_OBJC_ISA_USAGE = YES_ERROR;
				CLANG_WARN_EMPTY_BODY = YES;
				CLANG_WARN_ENUM_CONVERSION = YES;
				CLANG_WARN_INT_CONVERSION = YES;
				CLANG_WARN_OBJC_ROOT_CLASS = YES_ERROR;
				CLANG_WARN_UNREACHABLE_CODE = YES;
				CLANG_WARN__DUPLICATE_METHOD_MATCH = YES;
				"CODE_SIGN_IDENTITY[sdk=iphoneos*]" = "iPhone Developer";
				COPY_PHASE_STRIP = NO;
				DEBUG_INFORMATION_FORMAT = "dwarf-with-dsym";
				ENABLE_NS_ASSERTIONS = NO;
				ENABLE_STRICT_OBJC_MSGSEND = YES;
				GCC_C_LANGUAGE_STANDARD = gnu99;
				GCC_NO_COMMON_BLOCKS = YES;
				GCC_WARN_64_TO_32_BIT_CONVERSION = YES;
				GCC_WARN_ABOUT_RETURN_TYPE = YES_ERROR;
				GCC_WARN_UNDECLARED_SELECTOR = YES;
				GCC_WARN_UNINITIALIZED_AUTOS = YES_AGGRESSIVE;
				GCC_WARN_UNUSED_FUNCTION = YES;
				GCC_WARN_UNUSED_VARIABLE = YES;
				IPHONEOS_DEPLOYMENT_TARGET = 9.2;
				MTL_ENABLE_DEBUG_INFO = NO;
				SDKROOT = iphoneos;
				TARGETED_DEVICE_FAMILY = "1,2";
				VALIDATE_PRODUCT = YES;
			};
			name = Release;
		};
		023A242E1C99A10A00A00053 /* Debug */ = {
			isa = XCBuildConfiguration;
			buildSettings = {
				ASSETCATALOG_COMPILER_APPICON_NAME = AppIcon;
				CODE_SIGN_IDENTITY = "iPhone Developer";
				CURRENT_PROJECT_VERSION = 19;
				ENABLE_BITCODE = NO;
				INFOPLIST_FILE = ZombieConga/Info.plist;
				IPHONEOS_DEPLOYMENT_TARGET = 8.0;
				LD_RUNPATH_SEARCH_PATHS = "$(inherited) @executable_path/Frameworks";
				PRODUCT_BUNDLE_IDENTIFIER = com.hanguang.game.ZombieConga;
				PRODUCT_NAME = "$(TARGET_NAME)";
				PROVISIONING_PROFILE = "5c52eeb5-7f1c-4a92-8f00-28057a6f3239";
			};
			name = Debug;
		};
		023A242F1C99A10A00A00053 /* Release */ = {
			isa = XCBuildConfiguration;
			buildSettings = {
				ASSETCATALOG_COMPILER_APPICON_NAME = AppIcon;
				CODE_SIGN_IDENTITY = "iPhone Distribution";
				"CODE_SIGN_IDENTITY[sdk=iphoneos*]" = "iPhone Distribution";
				CURRENT_PROJECT_VERSION = 19;
				ENABLE_BITCODE = NO;
				INFOPLIST_FILE = ZombieConga/Info.plist;
				IPHONEOS_DEPLOYMENT_TARGET = 8.0;
				LD_RUNPATH_SEARCH_PATHS = "$(inherited) @executable_path/Frameworks";
				PRODUCT_BUNDLE_IDENTIFIER = com.hanguang.game.ZombieConga;
				PRODUCT_NAME = "$(TARGET_NAME)";
				PROVISIONING_PROFILE = "de539fea-7ecd-4560-9736-6cd2a874688e";
			};
			name = Release;
		};
/* End XCBuildConfiguration section */

/* Begin XCConfigurationList section */
		023A24121C99A10A00A00053 /* Build configuration list for PBXProject "ZombieConga" */ = {
			isa = XCConfigurationList;
			buildConfigurations = (
				023A242B1C99A10A00A00053 /* Debug */,
				023A242C1C99A10A00A00053 /* Release */,
			);
			defaultConfigurationIsVisible = 0;
			defaultConfigurationName = Release;
		};
		023A242D1C99A10A00A00053 /* Build configuration list for PBXNativeTarget "ZombieConga" */ = {
			isa = XCConfigurationList;
			buildConfigurations = (
				023A242E1C99A10A00A00053 /* Debug */,
				023A242F1C99A10A00A00053 /* Release */,
			);
			defaultConfigurationIsVisible = 0;
			defaultConfigurationName = Release;
		};
/* End XCConfigurationList section */
	};
	rootObject = 023A240F1C99A10A00A00053 /* Project object */;
}
